
Microsoft Visual Studio Solution File, Format Version 12.00
# Visual Studio Version 17
VisualStudioVersion = 17.10.35013.160
MinimumVisualStudioVersion = 10.0.40219.1
Project("{9A19103F-16F7-4668-BE54-9A1E7A4F7556}") = "ConsoleTest", "ConsoleTest\ConsoleTest.csproj", "{55A05C37-9209-45C5-959F-824ED8197B66}"
EndProject
Project("{9A19103F-16F7-4668-BE54-9A1E7A4F7556}") = "GameDB", "GameDB\GameDB.csproj", "{53F3D7BE-B0CD-48DA-931D-38CA44C01FD5}"
EndProject
Project("{9A19103F-16F7-4668-BE54-9A1E7A4F7556}") = "WebServer", "WebServer\WebServer.csproj", "{010F22DF-DC45-4502-9583-3090EC104B21}"
EndProject
Project("{FAE04EC0-301F-11D3-BF4B-00C04F79EFBC}") = "AccountServer", "AccountServer\AccountServer.csproj", "{98B67577-8DAB-458A-B8EA-DBC99A10CDF7}"
EndProject
Project("{FAE04EC0-301F-11D3-BF4B-00C04F79EFBC}") = "AccountDB", "AccountDB\AccountDB.csproj", "{1E561D77-DCF0-4918-AFD5-7941A3FEEB97}"
EndProject
Global
	GlobalSection(SolutionConfigurationPlatforms) = preSolution
		Debug|Any CPU = Debug|Any CPU
		Release|Any CPU = Release|Any CPU
	EndGlobalSection
	GlobalSection(ProjectConfigurationPlatforms) = postSolution
		{55A05C37-9209-45C5-959F-824ED8197B66}.Debug|Any CPU.ActiveCfg = Debug|Any CPU
		{55A05C37-9209-45C5-959F-824ED8197B66}.Debug|Any CPU.Build.0 = Debug|Any CPU
		{55A05C37-9209-45C5-959F-824ED8197B66}.Release|Any CPU.ActiveCfg = Release|Any CPU
		{55A05C37-9209-45C5-959F-824ED8197B66}.Release|Any CPU.Build.0 = Release|Any CPU
		{53F3D7BE-B0CD-48DA-931D-38CA44C01FD5}.Debug|Any CPU.ActiveCfg = Debug|Any CPU
		{53F3D7BE-B0CD-48DA-931D-38CA44C01FD5}.Debug|Any CPU.Build.0 = Debug|Any CPU
		{53F3D7BE-B0CD-48DA-931D-38CA44C01FD5}.Release|Any CPU.ActiveCfg = Release|Any CPU
		{53F3D7BE-B0CD-48DA-931D-38CA44C01FD5}.Release|Any CPU.Build.0 = Release|Any CPU
		{010F22DF-DC45-4502-9583-3090EC104B21}.Debug|Any CPU.ActiveCfg = Debug|Any CPU
		{010F22DF-DC45-4502-9583-3090EC104B21}.Debug|Any CPU.Build.0 = Debug|Any CPU
		{010F22DF-DC45-4502-9583-3090EC104B21}.Release|Any CPU.ActiveCfg = Release|Any CPU
		{010F22DF-DC45-4502-9583-3090EC104B21}.Release|Any CPU.Build.0 = Release|Any CPU
		{98B67577-8DAB-458A-B8EA-DBC99A10CDF7}.Debug|Any CPU.ActiveCfg = Debug|Any CPU
		{98B67577-8DAB-458A-B8EA-DBC99A10CDF7}.Debug|Any CPU.Build.0 = Debug|Any CPU
		{98B67577-8DAB-458A-B8EA-DBC99A10CDF7}.Release|Any CPU.ActiveCfg = Release|Any CPU
		{98B67577-8DAB-458A-B8EA-DBC99A10CDF7}.Release|Any CPU.Build.0 = Release|Any CPU
		{1E561D77-DCF0-4918-AFD5-7941A3FEEB97}.Debug|Any CPU.ActiveCfg = Debug|Any CPU
		{1E561D77-DCF0-4918-AFD5-7941A3FEEB97}.Debug|Any CPU.Build.0 = Debug|Any CPU
		{1E561D77-DCF0-4918-AFD5-7941A3FEEB97}.Release|Any CPU.ActiveCfg = Release|Any CPU
		{1E561D77-DCF0-4918-AFD5-7941A3FEEB97}.Release|Any CPU.Build.0 = Release|Any CPU
	EndGlobalSection
	GlobalSection(SolutionProperties) = preSolution
		HideSolutionNode = FALSE
	EndGlobalSection
	GlobalSection(ExtensibilityGlobals) = postSolution
		SolutionGuid = {00B6B8A6-EF9C-4C2D-9C2F-822473FB0D18}
	EndGlobalSection
EndGlobal
